
Microsoft Visual Studio Solution File, Format Version 12.00
# Visual Studio Version 17
VisualStudioVersion = 17.11.35327.3
MinimumVisualStudioVersion = 10.0.40219.1
Project("{FAE04EC0-301F-11D3-BF4B-00C04F79EFBC}") = "ConsoleApp5", "ConsoleApp5.csproj", "{AC75D23B-1DAD-44F9-B622-35E84B76313B}"
EndProject
Global
	GlobalSection(SolutionConfigurationPlatforms) = preSolution
		Debug|Any CPU = Debug|Any CPU
		Release|Any CPU = Release|Any CPU
	EndGlobalSection
	GlobalSection(ProjectConfigurationPlatforms) = postSolution
		{AC75D23B-1DAD-44F9-B622-35E84B76313B}.Debug|Any CPU.ActiveCfg = Debug|Any CPU
		{AC75D23B-1DAD-44F9-B622-35E84B76313B}.Debug|Any CPU.Build.0 = Debug|Any CPU
		{AC75D23B-1DAD-44F9-B622-35E84B76313B}.Release|Any CPU.ActiveCfg = Release|Any CPU
		{AC75D23B-1DAD-44F9-B622-35E84B76313B}.Release|Any CPU.Build.0 = Release|Any CPU
	EndGlobalSection
	GlobalSection(SolutionProperties) = preSolution
		HideSolutionNode = FALSE
	EndGlobalSection
	GlobalSection(ExtensibilityGlobals) = postSolution
		SolutionGuid = {22D15888-3A4F-4E52-82FC-E85AF1FD4F1B}
	EndGlobalSection
EndGlobal
